
Microsoft Visual Studio Solution File, Format Version 12.00
# Visual Studio Version 16
VisualStudioVersion = 16.0.30309.148
MinimumVisualStudioVersion = 10.0.40219.1
Project("{FAE04EC0-301F-11D3-BF4B-00C04F79EFBC}") = "CalculadoraDeResistencia", "CalculadoraDeResistencia.csproj", "{60156248-85F2-4A4A-A4CE-3784101F3201}"
EndProject
Global
	GlobalSection(SolutionConfigurationPlatforms) = preSolution
		Debug|Any CPU = Debug|Any CPU
		Release|Any CPU = Release|Any CPU
	EndGlobalSection
	GlobalSection(ProjectConfigurationPlatforms) = postSolution
		{60156248-85F2-4A4A-A4CE-3784101F3201}.Debug|Any CPU.ActiveCfg = Debug|Any CPU
		{60156248-85F2-4A4A-A4CE-3784101F3201}.Debug|Any CPU.Build.0 = Debug|Any CPU
		{60156248-85F2-4A4A-A4CE-3784101F3201}.Release|Any CPU.ActiveCfg = Release|Any CPU
		{60156248-85F2-4A4A-A4CE-3784101F3201}.Release|Any CPU.Build.0 = Release|Any CPU
	EndGlobalSection
	GlobalSection(SolutionProperties) = preSolution
		HideSolutionNode = FALSE
	EndGlobalSection
	GlobalSection(ExtensibilityGlobals) = postSolution
		SolutionGuid = {A42A7841-1C7C-4757-B7EA-01B3CDA8DA3B}
	EndGlobalSection
EndGlobal
